
Microsoft Visual Studio Solution File, Format Version 12.00
# Visual Studio Version 16
VisualStudioVersion = 16.0.32002.261
MinimumVisualStudioVersion = 10.0.40219.1
Project("{FAE04EC0-301F-11D3-BF4B-00C04F79EFBC}") = "DemoStoredProcedure", "DemoStoredProcedure\DemoStoredProcedure.csproj", "{272E71B6-6AC9-4DD7-8268-8C908E1542CC}"
EndProject
Global
	GlobalSection(SolutionConfigurationPlatforms) = preSolution
		Debug|Any CPU = Debug|Any CPU
		Release|Any CPU = Release|Any CPU
	EndGlobalSection
	GlobalSection(ProjectConfigurationPlatforms) = postSolution
		{272E71B6-6AC9-4DD7-8268-8C908E1542CC}.Debug|Any CPU.ActiveCfg = Debug|Any CPU
		{272E71B6-6AC9-4DD7-8268-8C908E1542CC}.Debug|Any CPU.Build.0 = Debug|Any CPU
		{272E71B6-6AC9-4DD7-8268-8C908E1542CC}.Release|Any CPU.ActiveCfg = Release|Any CPU
		{272E71B6-6AC9-4DD7-8268-8C908E1542CC}.Release|Any CPU.Build.0 = Release|Any CPU
	EndGlobalSection
	GlobalSection(SolutionProperties) = preSolution
		HideSolutionNode = FALSE
	EndGlobalSection
	GlobalSection(ExtensibilityGlobals) = postSolution
		SolutionGuid = {D16F5601-6D71-42F6-A1A6-795A71C02D40}
	EndGlobalSection
EndGlobal
